{
  "requires": true,
  "lockfileVersion": 1,
  "dependencies": {
    "@auth0/auth0-angular": {
      "version": "1.3.2",
      "resolved": "https://registry.npmjs.org/@auth0/auth0-angular/-/auth0-angular-1.3.2.tgz",
      "integrity": "sha512-F/hvowvuQHpkONw9AICTXy7eetEkewI9MEdtIF78ItBnJ2OH+N9L1Xrmx2ViVVlH7H026rrynDb3olESIhxfeg==",
      "requires": {
        "@auth0/auth0-spa-js": "^1.11.0",
        "tslib": "^2.0.0"
      }
    },
    "@auth0/auth0-spa-js": {
      "version": "1.13.6",
      "resolved": "https://registry.npmjs.org/@auth0/auth0-spa-js/-/auth0-spa-js-1.13.6.tgz",
      "integrity": "sha512-o+Mb0YXrasP364j+WB5hoALoL9sn8SZC0rDFLcyks6HUnQH/vzupdoWWFAIl1+EocAFB3CGMgSc425wpHNB4pw==",
      "requires": {
        "abortcontroller-polyfill": "^1.5.0",
        "browser-tabs-lock": "1.2.9",
        "core-js": "^3.8.0",
        "es-cookie": "^1.3.2",
        "fast-text-encoding": "^1.0.3",
        "promise-polyfill": "^8.2.0",
        "unfetch": "^4.2.0"
      }
    },
    "abortcontroller-polyfill": {
      "version": "1.7.1",
      "resolved": "https://registry.npmjs.org/abortcontroller-polyfill/-/abortcontroller-polyfill-1.7.1.tgz",
      "integrity": "sha512-yml9NiDEH4M4p0G4AcPkg8AAa4mF3nfYF28VQxaokpO67j9H7gWgmsVWJ/f1Rn+PzsnDYvzJzWIQzCqDKRvWlA=="
    },
    "browser-tabs-lock": {
      "version": "1.2.9",
      "resolved": "https://registry.npmjs.org/browser-tabs-lock/-/browser-tabs-lock-1.2.9.tgz",
      "integrity": "sha512-cczryjv6i6kAfTWKhhNW3LWhFDwzPazEsNG9IG2n6AeYzPVb1tUCY3aqTKeFJL0rKUnfSXto7esjrqY3fz+ugA=="
    },
    "core-js": {
      "version": "3.8.3",
      "resolved": "https://registry.npmjs.org/core-js/-/core-js-3.8.3.tgz",
      "integrity": "sha512-KPYXeVZYemC2TkNEkX/01I+7yd+nX3KddKwZ1Ww7SKWdI2wQprSgLmrTddT8nw92AjEklTsPBoSdQBhbI1bQ6Q=="
    },
    "es-cookie": {
      "version": "1.3.2",
      "resolved": "https://registry.npmjs.org/es-cookie/-/es-cookie-1.3.2.tgz",
      "integrity": "sha512-UTlYYhXGLOy05P/vKVT2Ui7WtC7NiRzGtJyAKKn32g5Gvcjn7KAClLPWlipCtxIus934dFg9o9jXiBL0nP+t9Q=="
    },
    "fast-text-encoding": {
      "version": "1.0.3",
      "resolved": "https://registry.npmjs.org/fast-text-encoding/-/fast-text-encoding-1.0.3.tgz",
      "integrity": "sha512-dtm4QZH9nZtcDt8qJiOH9fcQd1NAgi+K1O2DbE6GG1PPCK/BWfOH3idCTRQ4ImXRUOyopDEgDEnVEE7Y/2Wrig=="
    },
    "promise-polyfill": {
      "version": "8.2.0",
      "resolved": "https://registry.npmjs.org/promise-polyfill/-/promise-polyfill-8.2.0.tgz",
      "integrity": "sha512-k/TC0mIcPVF6yHhUvwAp7cvL6I2fFV7TzF1DuGPI8mBh4QQazf36xCKEHKTZKRysEoTQoQdKyP25J8MPJp7j5g=="
    },
    "tslib": {
      "version": "2.1.0",
      "resolved": "https://registry.npmjs.org/tslib/-/tslib-2.1.0.tgz",
      "integrity": "sha512-hcVC3wYEziELGGmEEXue7D75zbwIIVUMWAVbHItGPx0ziyXxrOMQx4rQEVEV45Ut/1IotuEvwqPopzIOkDMf0A=="
    },
    "unfetch": {
      "version": "4.2.0",
      "resolved": "https://registry.npmjs.org/unfetch/-/unfetch-4.2.0.tgz",
      "integrity": "sha512-F9p7yYCn6cIW9El1zi0HI6vqpeIvBsr3dSuRO6Xuppb1u5rXpCPmMvLSyECLhybr9isec8Ohl0hPekMVrEinDA=="
    }
  }
}
